
Microsoft Visual Studio Solution File, Format Version 12.00
# Visual Studio Version 17
VisualStudioVersion = 17.7.34031.279
MinimumVisualStudioVersion = 10.0.40219.1
Project("{FAE04EC0-301F-11D3-BF4B-00C04F79EFBC}") = "ConsoleApp8", "ConsoleApp8.csproj", "{CD8764C1-EE52-4BE1-8E26-20AF6B95CBEE}"
EndProject
Global
	GlobalSection(SolutionConfigurationPlatforms) = preSolution
		Debug|Any CPU = Debug|Any CPU
		Release|Any CPU = Release|Any CPU
	EndGlobalSection
	GlobalSection(ProjectConfigurationPlatforms) = postSolution
		{CD8764C1-EE52-4BE1-8E26-20AF6B95CBEE}.Debug|Any CPU.ActiveCfg = Debug|Any CPU
		{CD8764C1-EE52-4BE1-8E26-20AF6B95CBEE}.Debug|Any CPU.Build.0 = Debug|Any CPU
		{CD8764C1-EE52-4BE1-8E26-20AF6B95CBEE}.Release|Any CPU.ActiveCfg = Release|Any CPU
		{CD8764C1-EE52-4BE1-8E26-20AF6B95CBEE}.Release|Any CPU.Build.0 = Release|Any CPU
	EndGlobalSection
	GlobalSection(SolutionProperties) = preSolution
		HideSolutionNode = FALSE
	EndGlobalSection
	GlobalSection(ExtensibilityGlobals) = postSolution
		SolutionGuid = {B25FB654-4134-414A-859A-B83D78714D18}
	EndGlobalSection
EndGlobal
